
Microsoft Visual Studio Solution File, Format Version 12.00
# Visual Studio 15
VisualStudioVersion = 15.0.28307.421
MinimumVisualStudioVersion = 10.0.40219.1
Project("{FAE04EC0-301F-11D3-BF4B-00C04F79EFBC}") = "A12", "A12\A12.csproj", "{61AB8825-937A-4402-A2C3-F9604E7EC846}"
EndProject
Project("{FAE04EC0-301F-11D3-BF4B-00C04F79EFBC}") = "A12Tests", "A12Tests\A12Tests.csproj", "{A8222710-9D6E-43BC-85B6-DE57A27A2F72}"
EndProject
Global
	GlobalSection(SolutionConfigurationPlatforms) = preSolution
		Debug|Any CPU = Debug|Any CPU
		Release|Any CPU = Release|Any CPU
	EndGlobalSection
	GlobalSection(ProjectConfigurationPlatforms) = postSolution
		{61AB8825-937A-4402-A2C3-F9604E7EC846}.Debug|Any CPU.ActiveCfg = Debug|Any CPU
		{61AB8825-937A-4402-A2C3-F9604E7EC846}.Debug|Any CPU.Build.0 = Debug|Any CPU
		{61AB8825-937A-4402-A2C3-F9604E7EC846}.Release|Any CPU.ActiveCfg = Release|Any CPU
		{61AB8825-937A-4402-A2C3-F9604E7EC846}.Release|Any CPU.Build.0 = Release|Any CPU
		{A8222710-9D6E-43BC-85B6-DE57A27A2F72}.Debug|Any CPU.ActiveCfg = Debug|Any CPU
		{A8222710-9D6E-43BC-85B6-DE57A27A2F72}.Debug|Any CPU.Build.0 = Debug|Any CPU
		{A8222710-9D6E-43BC-85B6-DE57A27A2F72}.Release|Any CPU.ActiveCfg = Release|Any CPU
		{A8222710-9D6E-43BC-85B6-DE57A27A2F72}.Release|Any CPU.Build.0 = Release|Any CPU
	EndGlobalSection
	GlobalSection(SolutionProperties) = preSolution
		HideSolutionNode = FALSE
	EndGlobalSection
	GlobalSection(ExtensibilityGlobals) = postSolution
		SolutionGuid = {D06B6C71-2B5E-441B-B989-FDE350494A2E}
	EndGlobalSection
EndGlobal
