
Microsoft Visual Studio Solution File, Format Version 12.00
# Visual Studio 15
VisualStudioVersion = 15.0.28307.421
MinimumVisualStudioVersion = 10.0.40219.1
Project("{FAE04EC0-301F-11D3-BF4B-00C04F79EFBC}") = "A3", "A3\A3.csproj", "{60702AF0-032E-4E60-956D-F26F18F2F5EC}"
EndProject
Project("{FAE04EC0-301F-11D3-BF4B-00C04F79EFBC}") = "A3Tests", "A3Tests\A3Tests.csproj", "{A61BD0CC-5D82-4257-9D64-2F2069F47BB8}"
EndProject
Global
	GlobalSection(SolutionConfigurationPlatforms) = preSolution
		Debug|Any CPU = Debug|Any CPU
		Release|Any CPU = Release|Any CPU
	EndGlobalSection
	GlobalSection(ProjectConfigurationPlatforms) = postSolution
		{60702AF0-032E-4E60-956D-F26F18F2F5EC}.Debug|Any CPU.ActiveCfg = Debug|Any CPU
		{60702AF0-032E-4E60-956D-F26F18F2F5EC}.Debug|Any CPU.Build.0 = Debug|Any CPU
		{60702AF0-032E-4E60-956D-F26F18F2F5EC}.Release|Any CPU.ActiveCfg = Release|Any CPU
		{60702AF0-032E-4E60-956D-F26F18F2F5EC}.Release|Any CPU.Build.0 = Release|Any CPU
		{A61BD0CC-5D82-4257-9D64-2F2069F47BB8}.Debug|Any CPU.ActiveCfg = Debug|Any CPU
		{A61BD0CC-5D82-4257-9D64-2F2069F47BB8}.Debug|Any CPU.Build.0 = Debug|Any CPU
		{A61BD0CC-5D82-4257-9D64-2F2069F47BB8}.Release|Any CPU.ActiveCfg = Release|Any CPU
		{A61BD0CC-5D82-4257-9D64-2F2069F47BB8}.Release|Any CPU.Build.0 = Release|Any CPU
	EndGlobalSection
	GlobalSection(SolutionProperties) = preSolution
		HideSolutionNode = FALSE
	EndGlobalSection
	GlobalSection(ExtensibilityGlobals) = postSolution
		SolutionGuid = {DB5FD5A3-0D33-411C-97E1-6B19D826B0BE}
	EndGlobalSection
EndGlobal
