
Microsoft Visual Studio Solution File, Format Version 12.00
# Visual Studio 15
VisualStudioVersion = 15.0.28307.421
MinimumVisualStudioVersion = 10.0.40219.1
Project("{FAE04EC0-301F-11D3-BF4B-00C04F79EFBC}") = "A7", "A7\A7.csproj", "{DBE34B33-ED3C-4838-B84B-B83BF798DF55}"
EndProject
Project("{FAE04EC0-301F-11D3-BF4B-00C04F79EFBC}") = "A7Tests", "A7Tests\A7Tests.csproj", "{4A3D4482-3551-456D-910B-93125CE134AF}"
EndProject
Global
	GlobalSection(SolutionConfigurationPlatforms) = preSolution
		Debug|Any CPU = Debug|Any CPU
		Release|Any CPU = Release|Any CPU
	EndGlobalSection
	GlobalSection(ProjectConfigurationPlatforms) = postSolution
		{DBE34B33-ED3C-4838-B84B-B83BF798DF55}.Debug|Any CPU.ActiveCfg = Debug|Any CPU
		{DBE34B33-ED3C-4838-B84B-B83BF798DF55}.Debug|Any CPU.Build.0 = Debug|Any CPU
		{DBE34B33-ED3C-4838-B84B-B83BF798DF55}.Release|Any CPU.ActiveCfg = Release|Any CPU
		{DBE34B33-ED3C-4838-B84B-B83BF798DF55}.Release|Any CPU.Build.0 = Release|Any CPU
		{4A3D4482-3551-456D-910B-93125CE134AF}.Debug|Any CPU.ActiveCfg = Debug|Any CPU
		{4A3D4482-3551-456D-910B-93125CE134AF}.Debug|Any CPU.Build.0 = Debug|Any CPU
		{4A3D4482-3551-456D-910B-93125CE134AF}.Release|Any CPU.ActiveCfg = Release|Any CPU
		{4A3D4482-3551-456D-910B-93125CE134AF}.Release|Any CPU.Build.0 = Release|Any CPU
	EndGlobalSection
	GlobalSection(SolutionProperties) = preSolution
		HideSolutionNode = FALSE
	EndGlobalSection
	GlobalSection(ExtensibilityGlobals) = postSolution
		SolutionGuid = {773A2157-20B3-4866-9A8E-D8BFD358DD0A}
	EndGlobalSection
EndGlobal
