
Microsoft Visual Studio Solution File, Format Version 12.00
# Visual Studio 15
VisualStudioVersion = 15.0.28307.421
MinimumVisualStudioVersion = 10.0.40219.1
Project("{FAE04EC0-301F-11D3-BF4B-00C04F79EFBC}") = "A6", "A6\A6.csproj", "{D1EAFA60-A2EF-4464-8CE4-E7DE25EC364A}"
EndProject
Project("{FAE04EC0-301F-11D3-BF4B-00C04F79EFBC}") = "A6Tests", "A6Tests\A6Tests.csproj", "{269BD75A-063B-41D4-84F5-685BDC8B22C9}"
EndProject
Global
	GlobalSection(SolutionConfigurationPlatforms) = preSolution
		Debug|Any CPU = Debug|Any CPU
		Release|Any CPU = Release|Any CPU
	EndGlobalSection
	GlobalSection(ProjectConfigurationPlatforms) = postSolution
		{D1EAFA60-A2EF-4464-8CE4-E7DE25EC364A}.Debug|Any CPU.ActiveCfg = Debug|Any CPU
		{D1EAFA60-A2EF-4464-8CE4-E7DE25EC364A}.Debug|Any CPU.Build.0 = Debug|Any CPU
		{D1EAFA60-A2EF-4464-8CE4-E7DE25EC364A}.Release|Any CPU.ActiveCfg = Release|Any CPU
		{D1EAFA60-A2EF-4464-8CE4-E7DE25EC364A}.Release|Any CPU.Build.0 = Release|Any CPU
		{269BD75A-063B-41D4-84F5-685BDC8B22C9}.Debug|Any CPU.ActiveCfg = Debug|Any CPU
		{269BD75A-063B-41D4-84F5-685BDC8B22C9}.Debug|Any CPU.Build.0 = Debug|Any CPU
		{269BD75A-063B-41D4-84F5-685BDC8B22C9}.Release|Any CPU.ActiveCfg = Release|Any CPU
		{269BD75A-063B-41D4-84F5-685BDC8B22C9}.Release|Any CPU.Build.0 = Release|Any CPU
	EndGlobalSection
	GlobalSection(SolutionProperties) = preSolution
		HideSolutionNode = FALSE
	EndGlobalSection
	GlobalSection(ExtensibilityGlobals) = postSolution
		SolutionGuid = {AA7B0A0F-99A5-4130-B038-47C0DD374348}
	EndGlobalSection
EndGlobal
