
Microsoft Visual Studio Solution File, Format Version 12.00
# Visual Studio 15
VisualStudioVersion = 15.0.28307.421
MinimumVisualStudioVersion = 10.0.40219.1
Project("{FAE04EC0-301F-11D3-BF4B-00C04F79EFBC}") = "E1", "E1\E1.csproj", "{087F7E6B-F007-4843-A940-837303131E17}"
EndProject
Project("{FAE04EC0-301F-11D3-BF4B-00C04F79EFBC}") = "E1Tests", "E1Tests\E1Tests.csproj", "{A1B6D66C-6625-4819-B2C2-5CFB3CF4B417}"
EndProject
Global
	GlobalSection(SolutionConfigurationPlatforms) = preSolution
		Debug|Any CPU = Debug|Any CPU
		Release|Any CPU = Release|Any CPU
	EndGlobalSection
	GlobalSection(ProjectConfigurationPlatforms) = postSolution
		{087F7E6B-F007-4843-A940-837303131E17}.Debug|Any CPU.ActiveCfg = Debug|Any CPU
		{087F7E6B-F007-4843-A940-837303131E17}.Debug|Any CPU.Build.0 = Debug|Any CPU
		{087F7E6B-F007-4843-A940-837303131E17}.Release|Any CPU.ActiveCfg = Release|Any CPU
		{087F7E6B-F007-4843-A940-837303131E17}.Release|Any CPU.Build.0 = Release|Any CPU
		{A1B6D66C-6625-4819-B2C2-5CFB3CF4B417}.Debug|Any CPU.ActiveCfg = Debug|Any CPU
		{A1B6D66C-6625-4819-B2C2-5CFB3CF4B417}.Debug|Any CPU.Build.0 = Debug|Any CPU
		{A1B6D66C-6625-4819-B2C2-5CFB3CF4B417}.Release|Any CPU.ActiveCfg = Release|Any CPU
		{A1B6D66C-6625-4819-B2C2-5CFB3CF4B417}.Release|Any CPU.Build.0 = Release|Any CPU
	EndGlobalSection
	GlobalSection(SolutionProperties) = preSolution
		HideSolutionNode = FALSE
	EndGlobalSection
	GlobalSection(ExtensibilityGlobals) = postSolution
		SolutionGuid = {85F07E53-A06E-424C-B66E-8B1763BD8192}
	EndGlobalSection
EndGlobal
