
Microsoft Visual Studio Solution File, Format Version 12.00
# Visual Studio 15
VisualStudioVersion = 15.0.28307.421
MinimumVisualStudioVersion = 10.0.40219.1
Project("{FAE04EC0-301F-11D3-BF4B-00C04F79EFBC}") = "A1S1", "A1S1\A1S1.csproj", "{FBCD160B-C5AF-4BE9-BF95-51E4A9E1AFF1}"
EndProject
Project("{FAE04EC0-301F-11D3-BF4B-00C04F79EFBC}") = "A1S1Tests", "A1S1Tests\A1S1Tests.csproj", "{68A61D53-B65F-4DC7-91E3-0A1676C411BA}"
EndProject
Global
	GlobalSection(SolutionConfigurationPlatforms) = preSolution
		Debug|Any CPU = Debug|Any CPU
		Release|Any CPU = Release|Any CPU
	EndGlobalSection
	GlobalSection(ProjectConfigurationPlatforms) = postSolution
		{FBCD160B-C5AF-4BE9-BF95-51E4A9E1AFF1}.Debug|Any CPU.ActiveCfg = Debug|Any CPU
		{FBCD160B-C5AF-4BE9-BF95-51E4A9E1AFF1}.Debug|Any CPU.Build.0 = Debug|Any CPU
		{FBCD160B-C5AF-4BE9-BF95-51E4A9E1AFF1}.Release|Any CPU.ActiveCfg = Release|Any CPU
		{FBCD160B-C5AF-4BE9-BF95-51E4A9E1AFF1}.Release|Any CPU.Build.0 = Release|Any CPU
		{68A61D53-B65F-4DC7-91E3-0A1676C411BA}.Debug|Any CPU.ActiveCfg = Debug|Any CPU
		{68A61D53-B65F-4DC7-91E3-0A1676C411BA}.Debug|Any CPU.Build.0 = Debug|Any CPU
		{68A61D53-B65F-4DC7-91E3-0A1676C411BA}.Release|Any CPU.ActiveCfg = Release|Any CPU
		{68A61D53-B65F-4DC7-91E3-0A1676C411BA}.Release|Any CPU.Build.0 = Release|Any CPU
	EndGlobalSection
	GlobalSection(SolutionProperties) = preSolution
		HideSolutionNode = FALSE
	EndGlobalSection
	GlobalSection(ExtensibilityGlobals) = postSolution
		SolutionGuid = {0D23ACD5-39F9-4DB9-AA3F-8444A7A8D7AC}
	EndGlobalSection
EndGlobal
