
Microsoft Visual Studio Solution File, Format Version 12.00
# Visual Studio 15
VisualStudioVersion = 15.0.28307.421
MinimumVisualStudioVersion = 10.0.40219.1
Project("{FAE04EC0-301F-11D3-BF4B-00C04F79EFBC}") = "digikala", "digikala\digikala.csproj", "{584D2FC4-B697-40A2-80D9-A620BCF598E3}"
EndProject
Project("{FAE04EC0-301F-11D3-BF4B-00C04F79EFBC}") = "digikalaTests", "digikalaTests\digikalaTests.csproj", "{3861983F-9E53-415F-82D7-09997D66EA76}"
EndProject
Global
	GlobalSection(SolutionConfigurationPlatforms) = preSolution
		Debug|Any CPU = Debug|Any CPU
		Release|Any CPU = Release|Any CPU
	EndGlobalSection
	GlobalSection(ProjectConfigurationPlatforms) = postSolution
		{584D2FC4-B697-40A2-80D9-A620BCF598E3}.Debug|Any CPU.ActiveCfg = Debug|Any CPU
		{584D2FC4-B697-40A2-80D9-A620BCF598E3}.Debug|Any CPU.Build.0 = Debug|Any CPU
		{584D2FC4-B697-40A2-80D9-A620BCF598E3}.Release|Any CPU.ActiveCfg = Release|Any CPU
		{584D2FC4-B697-40A2-80D9-A620BCF598E3}.Release|Any CPU.Build.0 = Release|Any CPU
		{3861983F-9E53-415F-82D7-09997D66EA76}.Debug|Any CPU.ActiveCfg = Debug|Any CPU
		{3861983F-9E53-415F-82D7-09997D66EA76}.Debug|Any CPU.Build.0 = Debug|Any CPU
		{3861983F-9E53-415F-82D7-09997D66EA76}.Release|Any CPU.ActiveCfg = Release|Any CPU
		{3861983F-9E53-415F-82D7-09997D66EA76}.Release|Any CPU.Build.0 = Release|Any CPU
	EndGlobalSection
	GlobalSection(SolutionProperties) = preSolution
		HideSolutionNode = FALSE
	EndGlobalSection
	GlobalSection(ExtensibilityGlobals) = postSolution
		SolutionGuid = {EA35A9D6-CA4C-4D6A-8117-5D390FF13728}
	EndGlobalSection
EndGlobal
