
Microsoft Visual Studio Solution File, Format Version 12.00
# Visual Studio 15
VisualStudioVersion = 15.0.28307.421
MinimumVisualStudioVersion = 10.0.40219.1
Project("{FAE04EC0-301F-11D3-BF4B-00C04F79EFBC}") = "A14", "A14\A14.csproj", "{F3E53F9F-507A-4CA7-98BE-B0AB98B752C0}"
EndProject
Project("{FAE04EC0-301F-11D3-BF4B-00C04F79EFBC}") = "A14Tests", "A14Tests\A14Tests.csproj", "{77A18C48-1309-4E2B-AAC0-441BFF44D742}"
EndProject
Global
	GlobalSection(SolutionConfigurationPlatforms) = preSolution
		Debug|Any CPU = Debug|Any CPU
		Release|Any CPU = Release|Any CPU
	EndGlobalSection
	GlobalSection(ProjectConfigurationPlatforms) = postSolution
		{F3E53F9F-507A-4CA7-98BE-B0AB98B752C0}.Debug|Any CPU.ActiveCfg = Debug|Any CPU
		{F3E53F9F-507A-4CA7-98BE-B0AB98B752C0}.Debug|Any CPU.Build.0 = Debug|Any CPU
		{F3E53F9F-507A-4CA7-98BE-B0AB98B752C0}.Release|Any CPU.ActiveCfg = Release|Any CPU
		{F3E53F9F-507A-4CA7-98BE-B0AB98B752C0}.Release|Any CPU.Build.0 = Release|Any CPU
		{77A18C48-1309-4E2B-AAC0-441BFF44D742}.Debug|Any CPU.ActiveCfg = Debug|Any CPU
		{77A18C48-1309-4E2B-AAC0-441BFF44D742}.Debug|Any CPU.Build.0 = Debug|Any CPU
		{77A18C48-1309-4E2B-AAC0-441BFF44D742}.Release|Any CPU.ActiveCfg = Release|Any CPU
		{77A18C48-1309-4E2B-AAC0-441BFF44D742}.Release|Any CPU.Build.0 = Release|Any CPU
	EndGlobalSection
	GlobalSection(SolutionProperties) = preSolution
		HideSolutionNode = FALSE
	EndGlobalSection
	GlobalSection(ExtensibilityGlobals) = postSolution
		SolutionGuid = {587923D0-2AED-4EA6-93F7-1B940EE2B6CD}
	EndGlobalSection
EndGlobal
